
Microsoft Visual Studio Solution File, Format Version 12.00
# Visual Studio Version 16
VisualStudioVersion = 16.0.33927.289
MinimumVisualStudioVersion = 10.0.40219.1
Project("{FAE04EC0-301F-11D3-BF4B-00C04F79EFBC}") = "Library Managment System", "Library Managment System\Library Managment System.csproj", "{1A060F9F-5701-438E-B456-CFB01BDC598E}"
EndProject
Global
	GlobalSection(SolutionConfigurationPlatforms) = preSolution
		Debug|Any CPU = Debug|Any CPU
		Release|Any CPU = Release|Any CPU
	EndGlobalSection
	GlobalSection(ProjectConfigurationPlatforms) = postSolution
		{1A060F9F-5701-438E-B456-CFB01BDC598E}.Debug|Any CPU.ActiveCfg = Debug|Any CPU
		{1A060F9F-5701-438E-B456-CFB01BDC598E}.Debug|Any CPU.Build.0 = Debug|Any CPU
		{1A060F9F-5701-438E-B456-CFB01BDC598E}.Release|Any CPU.ActiveCfg = Release|Any CPU
		{1A060F9F-5701-438E-B456-CFB01BDC598E}.Release|Any CPU.Build.0 = Release|Any CPU
	EndGlobalSection
	GlobalSection(SolutionProperties) = preSolution
		HideSolutionNode = FALSE
	EndGlobalSection
	GlobalSection(ExtensibilityGlobals) = postSolution
		SolutionGuid = {D2EF2AD5-FE3D-47C1-A57E-B905FFC5AF48}
	EndGlobalSection
EndGlobal
